<Solution>
  <Project Path="LeTai.TrueShadow.csproj" />
  <Project Path="MessagePipe.csproj" />
  <Project Path="LeTai.TrueShadow.Editor.csproj" />
  <Project Path="GuessWho.csproj" />
  <Project Path="Kamgam.UIToolkitGlow.csproj" />
  <Project Path="LeTai.TrueShadow.Demo.csproj" />
  <Project Path="Assembly-CSharp.csproj" />
  <Project Path="DOTween.Modules.csproj" />
  <Project Path="MessagePipe.Editor.csproj" />
  <Project Path="GuessWho.Editor.csproj" />
</Solution>
